<?xml version="1.0" encoding="utf-8"?>
<Project ToolsVersion="4.0" xmlns="http://schemas.microsoft.com/developer/msbuild/2003">
  <ItemGroup>
    <Filter Include="Source Files">
      <UniqueIdentifier>{4db8ecd8-cbc7-4154-ae83-7f412e722aad}</UniqueIdentifier>
      <Extensions>cpp;c;cxx;def;odl;idl;hpj;bat;asm</Extensions>
    </Filter>
    <Filter Include="Header Files">
      <UniqueIdentifier>{66c61c46-6dbe-42c8-a9c9-bc5c6db83184}</UniqueIdentifier>
      <Extensions>h;hpp;hxx;hm;inl;inc</Extensions>
    </Filter>
    <Filter Include="Resource Files">
      <UniqueIdentifier>{5deab667-9130-4b47-b3fa-128ae7b0b634}</UniqueIdentifier>
      <Extensions>rc;ico;cur;bmp;dlg;rc2;rct;bin;rgs;gif;jpg;jpeg;jpe</Extensions>
    </Filter>
    <Filter Include="Source Files\Modules">
      <UniqueIdentifier>{d60e90bd-689d-4e60-8a54-9bd0ba306936}</UniqueIdentifier>
    </Filter>
    <Filter Include="Source Files\Modules\BuiltIn">
      <UniqueIdentifier>{6c58c0f2-aff9-4b8c-bee3-ab47b9266aac}</UniqueIdentifier>
    </Filter>
    <Filter Include="Source Files\Modules\File">
      <UniqueIdentifier>{a03b81db-6773-473e-81e4-c91beddd8fa1}</UniqueIdentifier>
    </Filter>
    <Filter Include="Source Files\Modules\Gui">
      <UniqueIdentifier>{66607129-66ab-4d1f-8129-3453343f18b2}</UniqueIdentifier>
    </Filter>
    <Filter Include="Source Files\Modules\Keyboard">
      <UniqueIdentifier>{2a5de39d-e4ae-44df-bd8d-dda829a2704b}</UniqueIdentifier>
    </Filter>
    <Filter Include="Source Files\Modules\Math">
      <UniqueIdentifier>{e93ccf3c-c87d-4d6b-ab6d-f52ec00028ef}</UniqueIdentifier>
    </Filter>
    <Filter Include="Source Files\Modules\Mouse">
      <UniqueIdentifier>{06aca62d-881f-460d-9a5d-c31e8b38b75b}</UniqueIdentifier>
    </Filter>
    <Filter Include="Source Files\Modules\Net">
      <UniqueIdentifier>{ad848648-fcf6-4956-9421-e3d8ad49aa15}</UniqueIdentifier>
    </Filter>
    <Filter Include="Source Files\Modules\Reg">
      <UniqueIdentifier>{44a30b21-8b0a-4d9f-adec-9255fb6759ba}</UniqueIdentifier>
    </Filter>
    <Filter Include="Source Files\Modules\Sound">
      <UniqueIdentifier>{c46ec6b1-a89d-4d1f-b599-99429fc24128}</UniqueIdentifier>
    </Filter>
    <Filter Include="Source Files\Modules\Sys">
      <UniqueIdentifier>{599a3c96-c784-4898-a3cb-51fd9e174bcb}</UniqueIdentifier>
    </Filter>
    <Filter Include="Source Files\Modules\Win">
      <UniqueIdentifier>{6dec2a0b-1825-4160-b394-1d4bae903e53}</UniqueIdentifier>
    </Filter>
    <Filter Include="Source Files\Utils">
      <UniqueIdentifier>{99b660df-6b81-4e5f-bddf-5aed0333928b}</UniqueIdentifier>
    </Filter>
    <Filter Include="Source Files\Engine">
      <UniqueIdentifier>{6f98df46-17c7-4126-9d67-89a1d97bd123}</UniqueIdentifier>
    </Filter>
    <Filter Include="Source Files\Engine\Parser">
      <UniqueIdentifier>{686a31bf-f5ea-4fc8-a895-c2edebfffd58}</UniqueIdentifier>
    </Filter>
    <Filter Include="Source Files\Engine\Type">
      <UniqueIdentifier>{c3f0bd05-52a1-4bdd-936d-02d4c98a4404}</UniqueIdentifier>
    </Filter>
  </ItemGroup>
  <ItemGroup>
    <ResourceCompile Include="src\resources\AutoIt.rc">
      <Filter>Resource Files</Filter>
    </ResourceCompile>
  </ItemGroup>
  <ItemGroup>
    <Manifest Include="src\resources\AutoIt3.exe.manifest">
      <Filter>Resource Files</Filter>
    </Manifest>
  </ItemGroup>
  <ItemGroup>
    <Image Include="src\resources\AutoIt_32x32x16.ico">
      <Filter>Resource Files</Filter>
    </Image>
    <Image Include="src\resources\Paused.ico">
      <Filter>Resource Files</Filter>
    </Image>
  </ItemGroup>
  <ItemGroup>
    <Text Include="AUTHORS.txt" />
    <Text Include="ChangeLog.txt" />
    <Text Include="LICENSE.txt" />
    <Text Include="README.txt" />
    <Text Include="TODO.txt" />
  </ItemGroup>
  <ItemGroup>
    <ClCompile Include="src\Modules\BuiltIn\BuiltInArray.cpp">
      <Filter>Source Files\Modules\BuiltIn</Filter>
    </ClCompile>
    <ClCompile Include="src\Modules\BuiltIn\BuiltInMisc.cpp">
      <Filter>Source Files\Modules\BuiltIn</Filter>
    </ClCompile>
    <ClCompile Include="src\Modules\BuiltIn\BuiltInString.cpp">
      <Filter>Source Files\Modules\BuiltIn</Filter>
    </ClCompile>
    <ClCompile Include="src\Modules\BuiltIn\ModuleBuiltIn.c">
      <Filter>Source Files\Modules\BuiltIn</Filter>
    </ClCompile>
    <ClCompile Include="src\Modules\BuiltIn\ModuleBuiltIn.cpp">
      <Filter>Source Files\Modules\BuiltIn</Filter>
    </ClCompile>
    <ClCompile Include="src\Modules\File\ModuleFile.cpp">
      <Filter>Source Files\Modules\File</Filter>
    </ClCompile>
    <ClCompile Include="src\Modules\Gui\ModuleGui.cpp">
      <Filter>Source Files\Modules\Gui</Filter>
    </ClCompile>
    <ClCompile Include="src\Modules\Keyboard\ModuleKeyboard.cpp">
      <Filter>Source Files\Modules\Keyboard</Filter>
    </ClCompile>
    <ClCompile Include="src\Modules\Math\ModuleMath.cpp">
      <Filter>Source Files\Modules\Math</Filter>
    </ClCompile>
    <ClCompile Include="src\Modules\Mouse\ModuleMouse.cpp">
      <Filter>Source Files\Modules\Mouse</Filter>
    </ClCompile>
    <ClCompile Include="src\Modules\Net\ModuleNet.cpp">
      <Filter>Source Files\Modules\Net</Filter>
    </ClCompile>
    <ClCompile Include="src\Modules\Reg\ModuleReg.cpp">
      <Filter>Source Files\Modules\Reg</Filter>
    </ClCompile>
    <ClCompile Include="src\Modules\Sound\ModuleSound.cpp">
      <Filter>Source Files\Modules\Sound</Filter>
    </ClCompile>
    <ClCompile Include="src\Modules\Sys\ModuleSys.cpp">
      <Filter>Source Files\Modules\Sys</Filter>
    </ClCompile>
    <ClCompile Include="src\Modules\Sys\SysMisc.cpp">
      <Filter>Source Files\Modules\Sys</Filter>
    </ClCompile>
    <ClCompile Include="src\Modules\Win\InputBox.cpp">
      <Filter>Source Files\Modules\Win</Filter>
    </ClCompile>
    <ClCompile Include="src\Modules\Win\ModuleWin.cpp">
      <Filter>Source Files\Modules\Win</Filter>
    </ClCompile>
    <ClCompile Include="src\Modules\Win\WinMisc.cpp">
      <Filter>Source Files\Modules\Win</Filter>
    </ClCompile>
    <ClCompile Include="src\Utils\mt19937ar-cok.cpp">
      <Filter>Source Files\Utils</Filter>
    </ClCompile>
    <ClCompile Include="src\Utils\OSVersion.cpp">
      <Filter>Source Files\Utils</Filter>
    </ClCompile>
    <ClCompile Include="src\Utils\SendKeys.cpp">
      <Filter>Source Files\Utils</Filter>
    </ClCompile>
    <ClCompile Include="src\Utils\SetForegroundWinEx.cpp">
      <Filter>Source Files\Utils</Filter>
    </ClCompile>
    <ClCompile Include="src\Utils\utility.cpp">
      <Filter>Source Files\Utils</Filter>
    </ClCompile>
    <ClCompile Include="src\Utils\WinUtil.cpp">
      <Filter>Source Files\Utils</Filter>
    </ClCompile>
    <ClCompile Include="src\AutoIt.cpp">
      <Filter>Source Files</Filter>
    </ClCompile>
    <ClCompile Include="src\Engine\Type\AString.cpp">
      <Filter>Source Files\Engine\Type</Filter>
    </ClCompile>
    <ClCompile Include="src\Engine\Type\Variant.cpp">
      <Filter>Source Files\Engine\Type</Filter>
    </ClCompile>
    <ClCompile Include="src\Engine\Type\VectorVariant.cpp">
      <Filter>Source Files\Engine\Type</Filter>
    </ClCompile>
    <ClCompile Include="src\Engine\Parser\Lexer.cpp">
      <Filter>Source Files\Engine\Parser</Filter>
    </ClCompile>
    <ClCompile Include="src\Engine\Parser\Parser.cpp">
      <Filter>Source Files\Engine\Parser</Filter>
    </ClCompile>
    <ClCompile Include="src\Engine\Parser\ParserExp.cpp">
      <Filter>Source Files\Engine\Parser</Filter>
    </ClCompile>
    <ClCompile Include="src\Engine\Parser\StackInt.cpp">
      <Filter>Source Files\Engine\Parser</Filter>
    </ClCompile>
    <ClCompile Include="src\Engine\Parser\StackVariant.cpp">
      <Filter>Source Files\Engine\Parser</Filter>
    </ClCompile>
    <ClCompile Include="src\Engine\Parser\Token.cpp">
      <Filter>Source Files\Engine\Parser</Filter>
    </ClCompile>
    <ClCompile Include="src\Engine\Parser\VectorToken.cpp">
      <Filter>Source Files\Engine\Parser</Filter>
    </ClCompile>
    <ClCompile Include="src\Engine\Application.cpp">
      <Filter>Source Files\Engine</Filter>
    </ClCompile>
    <ClCompile Include="src\Engine\CmdLine.cpp">
      <Filter>Source Files\Engine</Filter>
    </ClCompile>
    <ClCompile Include="src\Engine\Engine.cpp">
      <Filter>Source Files\Engine</Filter>
    </ClCompile>
    <ClCompile Include="src\Engine\globaldata.cpp">
      <Filter>Source Files\Engine</Filter>
    </ClCompile>
    <ClCompile Include="src\Engine\ScriptFile.cpp">
      <Filter>Source Files\Engine</Filter>
    </ClCompile>
    <ClCompile Include="src\Engine\StackStatement.cpp">
      <Filter>Source Files\Engine</Filter>
    </ClCompile>
    <ClCompile Include="src\Engine\StackVarList.cpp">
      <Filter>Source Files\Engine</Filter>
    </ClCompile>
    <ClCompile Include="src\Engine\UserFuncList.cpp">
      <Filter>Source Files\Engine</Filter>
    </ClCompile>
    <ClCompile Include="src\Engine\VariableList.cpp">
      <Filter>Source Files\Engine</Filter>
    </ClCompile>
    <ClCompile Include="src\Engine\VariableTable.cpp">
      <Filter>Source Files\Engine</Filter>
    </ClCompile>
  </ItemGroup>
  <ItemGroup>
    <ClInclude Include="src\Modules\BuiltIn\ModuleBuiltIn.h">
      <Filter>Source Files\Modules\BuiltIn</Filter>
    </ClInclude>
    <ClInclude Include="src\Modules\File\ModuleFile.h">
      <Filter>Source Files\Modules\File</Filter>
    </ClInclude>
    <ClInclude Include="src\Modules\Gui\ModuleGui.h">
      <Filter>Source Files\Modules\Gui</Filter>
    </ClInclude>
    <ClInclude Include="src\Modules\Keyboard\ModuleKeyboard.h">
      <Filter>Source Files\Modules\Keyboard</Filter>
    </ClInclude>
    <ClInclude Include="src\Modules\Math\ModuleMath.h">
      <Filter>Source Files\Modules\Math</Filter>
    </ClInclude>
    <ClInclude Include="src\Modules\Mouse\ModuleMouse.h">
      <Filter>Source Files\Modules\Mouse</Filter>
    </ClInclude>
    <ClInclude Include="src\Modules\Net\ModuleNet.h">
      <Filter>Source Files\Modules\Net</Filter>
    </ClInclude>
    <ClInclude Include="src\Modules\Reg\ModuleReg.h">
      <Filter>Source Files\Modules\Reg</Filter>
    </ClInclude>
    <ClInclude Include="src\Modules\Sound\ModuleSound.h">
      <Filter>Source Files\Modules\Sound</Filter>
    </ClInclude>
    <ClInclude Include="src\Modules\Sys\ModuleSys.h">
      <Filter>Source Files\Modules\Sys</Filter>
    </ClInclude>
    <ClInclude Include="src\Modules\Win\InputBox.h">
      <Filter>Source Files\Modules\Win</Filter>
    </ClInclude>
    <ClInclude Include="src\Modules\Win\ModuleWin.h">
      <Filter>Source Files\Modules\Win</Filter>
    </ClInclude>
    <ClInclude Include="src\Utils\mt19937ar-cok.h">
      <Filter>Source Files\Utils</Filter>
    </ClInclude>
    <ClInclude Include="src\Utils\OSVersion.h">
      <Filter>Source Files\Utils</Filter>
    </ClInclude>
    <ClInclude Include="src\Utils\SendKeys.h">
      <Filter>Source Files\Utils</Filter>
    </ClInclude>
    <ClInclude Include="src\Utils\SetForegroundWinEx.h">
      <Filter>Source Files\Utils</Filter>
    </ClInclude>
    <ClInclude Include="src\Utils\utility.h">
      <Filter>Source Files\Utils</Filter>
    </ClInclude>
    <ClInclude Include="src\Utils\WinUtil.h">
      <Filter>Source Files\Utils</Filter>
    </ClInclude>
    <ClInclude Include="src\AutoIt.h">
      <Filter>Source Files</Filter>
    </ClInclude>
    <ClInclude Include="src\StdAfx.h">
      <Filter>Source Files</Filter>
    </ClInclude>
    <ClInclude Include="src\Engine\Type\AString.h">
      <Filter>Source Files\Engine\Type</Filter>
    </ClInclude>
    <ClInclude Include="src\Engine\Type\Variant.h">
      <Filter>Source Files\Engine\Type</Filter>
    </ClInclude>
    <ClInclude Include="src\Engine\Type\VectorVariant.h">
      <Filter>Source Files\Engine\Type</Filter>
    </ClInclude>
    <ClInclude Include="src\Engine\Parser\Lexer.h">
      <Filter>Source Files\Engine\Parser</Filter>
    </ClInclude>
    <ClInclude Include="src\Engine\Parser\Parser.h">
      <Filter>Source Files\Engine\Parser</Filter>
    </ClInclude>
    <ClInclude Include="src\Engine\Parser\ParserExp.h">
      <Filter>Source Files\Engine\Parser</Filter>
    </ClInclude>
    <ClInclude Include="src\Engine\Parser\StackInt.h">
      <Filter>Source Files\Engine\Parser</Filter>
    </ClInclude>
    <ClInclude Include="src\Engine\Parser\StackVariant.h">
      <Filter>Source Files\Engine\Parser</Filter>
    </ClInclude>
    <ClInclude Include="src\Engine\Parser\Token.h">
      <Filter>Source Files\Engine\Parser</Filter>
    </ClInclude>
    <ClInclude Include="src\Engine\Parser\VectorToken.h">
      <Filter>Source Files\Engine\Parser</Filter>
    </ClInclude>
    <ClInclude Include="src\Engine\Application.h">
      <Filter>Source Files\Engine</Filter>
    </ClInclude>
    <ClInclude Include="src\Engine\CmdLine.h">
      <Filter>Source Files\Engine</Filter>
    </ClInclude>
    <ClInclude Include="src\Engine\Engine.h">
      <Filter>Source Files\Engine</Filter>
    </ClInclude>
    <ClInclude Include="src\Engine\globaldata.h">
      <Filter>Source Files\Engine</Filter>
    </ClInclude>
    <ClInclude Include="src\Engine\ScriptFile.h">
      <Filter>Source Files\Engine</Filter>
    </ClInclude>
    <ClInclude Include="src\Engine\StackStatement.h">
      <Filter>Source Files\Engine</Filter>
    </ClInclude>
    <ClInclude Include="src\Engine\StackVarList.h">
      <Filter>Source Files\Engine</Filter>
    </ClInclude>
    <ClInclude Include="src\Engine\UserFuncList.h">
      <Filter>Source Files\Engine</Filter>
    </ClInclude>
    <ClInclude Include="src\Engine\VariableList.h">
      <Filter>Source Files\Engine</Filter>
    </ClInclude>
    <ClInclude Include="src\Engine\VariableTable.h">
      <Filter>Source Files\Engine</Filter>
    </ClInclude>
  </ItemGroup>
</Project>